// !$*UTF8*$!
{
	archiveVersion = 1;
	classes = {
	};
	objectVersion = 56;
	objects = {

/* Begin PBXBuildFile section */
		184C92D42BA8028C00FB2ADD /* RealityKitContent in Frameworks */ = {isa = PBXBuildFile; productRef = 184C92D32BA8028C00FB2ADD /* RealityKitContent */; };
		184C92D62BA8028C00FB2ADD /* ArtGalleryAppApp.swift in Sources */ = {isa = PBXBuildFile; fileRef = 184C92D52BA8028C00FB2ADD /* ArtGalleryAppApp.swift */; };
		184C92D82BA8028C00FB2ADD /* ContentView.swift in Sources */ = {isa = PBXBuildFile; fileRef = 184C92D72BA8028C00FB2ADD /* ContentView.swift */; };
		184C92DA2BA8028C00FB2ADD /* ImmersiveView.swift in Sources */ = {isa = PBXBuildFile; fileRef = 184C92D92BA8028C00FB2ADD /* ImmersiveView.swift */; };
		184C92DC2BA8028C00FB2ADD /* ImageBasedLighting.skybox in Resources */ = {isa = PBXBuildFile; fileRef = 184C92DB2BA8028C00FB2ADD /* ImageBasedLighting.skybox */; };
		184C92DE2BA8028D00FB2ADD /* Assets.xcassets in Resources */ = {isa = PBXBuildFile; fileRef = 184C92DD2BA8028D00FB2ADD /* Assets.xcassets */; };
		184C92E12BA8028D00FB2ADD /* Preview Assets.xcassets in Resources */ = {isa = PBXBuildFile; fileRef = 184C92E02BA8028D00FB2ADD /* Preview Assets.xcassets */; };
/* End PBXBuildFile section */

/* Begin PBXFileReference section */
		184C92CE2BA8028C00FB2ADD /* ArtGalleryApp.app */ = {isa = PBXFileReference; explicitFileType = wrapper.application; includeInIndex = 0; path = ArtGalleryApp.app; sourceTree = BUILT_PRODUCTS_DIR; };
		184C92D22BA8028C00FB2ADD /* RealityKitContent */ = {isa = PBXFileReference; lastKnownFileType = wrapper; path = RealityKitContent; sourceTree = "<group>"; };
		184C92D52BA8028C00FB2ADD /* ArtGalleryAppApp.swift */ = {isa = PBXFileReference; lastKnownFileType = sourcecode.swift; path = ArtGalleryAppApp.swift; sourceTree = "<group>"; };
		184C92D72BA8028C00FB2ADD /* ContentView.swift */ = {isa = PBXFileReference; lastKnownFileType = sourcecode.swift; path = ContentView.swift; sourceTree = "<group>"; };
		184C92D92BA8028C00FB2ADD /* ImmersiveView.swift */ = {isa = PBXFileReference; lastKnownFileType = sourcecode.swift; path = ImmersiveView.swift; sourceTree = "<group>"; };
		184C92DB2BA8028C00FB2ADD /* ImageBasedLighting.skybox */ = {isa = PBXFileReference; lastKnownFileType = file.skybox; path = ImageBasedLighting.skybox; sourceTree = "<group>"; };
		184C92DD2BA8028D00FB2ADD /* Assets.xcassets */ = {isa = PBXFileReference; lastKnownFileType = folder.assetcatalog; path = Assets.xcassets; sourceTree = "<group>"; };
		184C92E02BA8028D00FB2ADD /* Preview Assets.xcassets */ = {isa = PBXFileReference; lastKnownFileType = folder.assetcatalog; path = "Preview Assets.xcassets"; sourceTree = "<group>"; };
		184C92E22BA8028D00FB2ADD /* Info.plist */ = {isa = PBXFileReference; lastKnownFileType = text.plist.xml; path = Info.plist; sourceTree = "<group>"; };
/* End PBXFileReference section */

/* Begin PBXFrameworksBuildPhase section */
		184C92CB2BA8028C00FB2ADD /* Frameworks */ = {
			isa = PBXFrameworksBuildPhase;
			buildActionMask = 2147483647;
			files = (
				184C92D42BA8028C00FB2ADD /* RealityKitContent in Frameworks */,
			);
			runOnlyForDeploymentPostprocessing = 0;
		};
/* End PBXFrameworksBuildPhase section */

/* Begin PBXGroup section */
		184C92C52BA8028C00FB2ADD = {
			isa = PBXGroup;
			children = (
				184C92D02BA8028C00FB2ADD /* ArtGalleryApp */,
				184C92D12BA8028C00FB2ADD /* Packages */,
				184C92CF2BA8028C00FB2ADD /* Products */,
			);
			sourceTree = "<group>";
		};
		184C92CF2BA8028C00FB2ADD /* Products */ = {
			isa = PBXGroup;
			children = (
				184C92CE2BA8028C00FB2ADD /* ArtGalleryApp.app */,
			);
			name = Products;
			sourceTree = "<group>";
		};
		184C92D02BA8028C00FB2ADD /* ArtGalleryApp */ = {
			isa = PBXGroup;
			children = (
				184C92D52BA8028C00FB2ADD /* ArtGalleryAppApp.swift */,
				184C92D72BA8028C00FB2ADD /* ContentView.swift */,
				184C92D92BA8028C00FB2ADD /* ImmersiveView.swift */,
				184C92DB2BA8028C00FB2ADD /* ImageBasedLighting.skybox */,
				184C92DD2BA8028D00FB2ADD /* Assets.xcassets */,
				184C92E22BA8028D00FB2ADD /* Info.plist */,
				184C92DF2BA8028D00FB2ADD /* Preview Content */,
			);
			path = ArtGalleryApp;
			sourceTree = "<group>";
		};
		184C92D12BA8028C00FB2ADD /* Packages */ = {
			isa = PBXGroup;
			children = (
				184C92D22BA8028C00FB2ADD /* RealityKitContent */,
			);
			path = Packages;
			sourceTree = "<group>";
		};
		184C92DF2BA8028D00FB2ADD /* Preview Content */ = {
			isa = PBXGroup;
			children = (
				184C92E02BA8028D00FB2ADD /* Preview Assets.xcassets */,
			);
			path = "Preview Content";
			sourceTree = "<group>";
		};
/* End PBXGroup section */

/* Begin PBXNativeTarget section */
		184C92CD2BA8028C00FB2ADD /* ArtGalleryApp */ = {
			isa = PBXNativeTarget;
			buildConfigurationList = 184C92E52BA8028D00FB2ADD /* Build configuration list for PBXNativeTarget "ArtGalleryApp" */;
			buildPhases = (
				184C92CA2BA8028C00FB2ADD /* Sources */,
				184C92CB2BA8028C00FB2ADD /* Frameworks */,
				184C92CC2BA8028C00FB2ADD /* Resources */,
			);
			buildRules = (
			);
			dependencies = (
			);
			name = ArtGalleryApp;
			packageProductDependencies = (
				184C92D32BA8028C00FB2ADD /* RealityKitContent */,
			);
			productName = ArtGalleryApp;
			productReference = 184C92CE2BA8028C00FB2ADD /* ArtGalleryApp.app */;
			productType = "com.apple.product-type.application";
		};
/* End PBXNativeTarget section */

/* Begin PBXProject section */
		184C92C62BA8028C00FB2ADD /* Project object */ = {
			isa = PBXProject;
			attributes = {
				BuildIndependentTargetsInParallel = 1;
				LastSwiftUpdateCheck = 1530;
				LastUpgradeCheck = 1530;
				TargetAttributes = {
					184C92CD2BA8028C00FB2ADD = {
						CreatedOnToolsVersion = 15.3;
					};
				};
			};
			buildConfigurationList = 184C92C92BA8028C00FB2ADD /* Build configuration list for PBXProject "ArtGalleryApp" */;
			compatibilityVersion = "Xcode 14.0";
			developmentRegion = en;
			hasScannedForEncodings = 0;
			knownRegions = (
				en,
				Base,
			);
			mainGroup = 184C92C52BA8028C00FB2ADD;
			productRefGroup = 184C92CF2BA8028C00FB2ADD /* Products */;
			projectDirPath = "";
			projectRoot = "";
			targets = (
				184C92CD2BA8028C00FB2ADD /* ArtGalleryApp */,
			);
		};
/* End PBXProject section */

/* Begin PBXResourcesBuildPhase section */
		184C92CC2BA8028C00FB2ADD /* Resources */ = {
			isa = PBXResourcesBuildPhase;
			buildActionMask = 2147483647;
			files = (
				184C92DE2BA8028D00FB2ADD /* Assets.xcassets in Resources */,
				184C92E12BA8028D00FB2ADD /* Preview Assets.xcassets in Resources */,
				184C92DC2BA8028C00FB2ADD /* ImageBasedLighting.skybox in Resources */,
			);
			runOnlyForDeploymentPostprocessing = 0;
		};
/* End PBXResourcesBuildPhase section */

/* Begin PBXSourcesBuildPhase section */
		184C92CA2BA8028C00FB2ADD /* Sources */ = {
			isa = PBXSourcesBuildPhase;
			buildActionMask = 2147483647;
			files = (
				184C92D82BA8028C00FB2ADD /* ContentView.swift in Sources */,
				184C92D62BA8028C00FB2ADD /* ArtGalleryAppApp.swift in Sources */,
				184C92DA2BA8028C00FB2ADD /* ImmersiveView.swift in Sources */,
			);
			runOnlyForDeploymentPostprocessing = 0;
		};
/* End PBXSourcesBuildPhase section */

/* Begin XCBuildConfiguration section */
		184C92E32BA8028D00FB2ADD /* Debug */ = {
			isa = XCBuildConfiguration;
			buildSettings = {
				ALWAYS_SEARCH_USER_PATHS = NO;
				ASSETCATALOG_COMPILER_GENERATE_SWIFT_ASSET_SYMBOL_EXTENSIONS = YES;
				CLANG_ANALYZER_NONNULL = YES;
				CLANG_ANALYZER_NUMBER_OBJECT_CONVERSION = YES_AGGRESSIVE;
				CLANG_CXX_LANGUAGE_STANDARD = "gnu++20";
				CLANG_ENABLE_MODULES = YES;
				CLANG_ENABLE_OBJC_ARC = YES;
				CLANG_ENABLE_OBJC_WEAK = YES;
				CLANG_WARN_BLOCK_CAPTURE_AUTORELEASING = YES;
				CLANG_WARN_BOOL_CONVERSION = YES;
				CLANG_WARN_COMMA = YES;
				CLANG_WARN_CONSTANT_CONVERSION = YES;
				CLANG_WARN_DEPRECATED_OBJC_IMPLEMENTATIONS = YES;
				CLANG_WARN_DIRECT_OBJC_ISA_USAGE = YES_ERROR;
				CLANG_WARN_DOCUMENTATION_COMMENTS = YES;
				CLANG_WARN_EMPTY_BODY = YES;
				CLANG_WARN_ENUM_CONVERSION = YES;
				CLANG_WARN_INFINITE_RECURSION = YES;
				CLANG_WARN_INT_CONVERSION = YES;
				CLANG_WARN_NON_LITERAL_NULL_CONVERSION = YES;
				CLANG_WARN_OBJC_IMPLICIT_RETAIN_SELF = YES;
				CLANG_WARN_OBJC_LITERAL_CONVERSION = YES;
				CLANG_WARN_OBJC_ROOT_CLASS = YES_ERROR;
				CLANG_WARN_QUOTED_INCLUDE_IN_FRAMEWORK_HEADER = YES;
				CLANG_WARN_RANGE_LOOP_ANALYSIS = YES;
				CLANG_WARN_STRICT_PROTOTYPES = YES;
				CLANG_WARN_SUSPICIOUS_MOVE = YES;
				CLANG_WARN_UNGUARDED_AVAILABILITY = YES_AGGRESSIVE;
				CLANG_WARN_UNREACHABLE_CODE = YES;
				CLANG_WARN__DUPLICATE_METHOD_MATCH = YES;
				COPY_PHASE_STRIP = NO;
				DEBUG_INFORMATION_FORMAT = dwarf;
				ENABLE_STRICT_OBJC_MSGSEND = YES;
				ENABLE_TESTABILITY = YES;
				ENABLE_USER_SCRIPT_SANDBOXING = YES;
				GCC_C_LANGUAGE_STANDARD = gnu17;
				GCC_DYNAMIC_NO_PIC = NO;
				GCC_NO_COMMON_BLOCKS = YES;
				GCC_OPTIMIZATION_LEVEL = 0;
				GCC_PREPROCESSOR_DEFINITIONS = (
					"DEBUG=1",
					"$(inherited)",
				);
				GCC_WARN_64_TO_32_BIT_CONVERSION = YES;
				GCC_WARN_ABOUT_RETURN_TYPE = YES_ERROR;
				GCC_WARN_UNDECLARED_SELECTOR = YES;
				GCC_WARN_UNINITIALIZED_AUTOS = YES_AGGRESSIVE;
				GCC_WARN_UNUSED_FUNCTION = YES;
				GCC_WARN_UNUSED_VARIABLE = YES;
				LOCALIZATION_PREFERS_STRING_CATALOGS = YES;
				MTL_ENABLE_DEBUG_INFO = INCLUDE_SOURCE;
				MTL_FAST_MATH = YES;
				ONLY_ACTIVE_ARCH = YES;
				SDKROOT = xros;
				SWIFT_ACTIVE_COMPILATION_CONDITIONS = "DEBUG $(inherited)";
				SWIFT_OPTIMIZATION_LEVEL = "-Onone";
				XROS_DEPLOYMENT_TARGET = 1.1;
			};
			name = Debug;
		};
		184C92E42BA8028D00FB2ADD /* Release */ = {
			isa = XCBuildConfiguration;
			buildSettings = {
				ALWAYS_SEARCH_USER_PATHS = NO;
				ASSETCATALOG_COMPILER_GENERATE_SWIFT_ASSET_SYMBOL_EXTENSIONS = YES;
				CLANG_ANALYZER_NONNULL = YES;
				CLANG_ANALYZER_NUMBER_OBJECT_CONVERSION = YES_AGGRESSIVE;
				CLANG_CXX_LANGUAGE_STANDARD = "gnu++20";
				CLANG_ENABLE_MODULES = YES;
				CLANG_ENABLE_OBJC_ARC = YES;
				CLANG_ENABLE_OBJC_WEAK = YES;
				CLANG_WARN_BLOCK_CAPTURE_AUTORELEASING = YES;
				CLANG_WARN_BOOL_CONVERSION = YES;
				CLANG_WARN_COMMA = YES;
				CLANG_WARN_CONSTANT_CONVERSION = YES;
				CLANG_WARN_DEPRECATED_OBJC_IMPLEMENTATIONS = YES;
				CLANG_WARN_DIRECT_OBJC_ISA_USAGE = YES_ERROR;
				CLANG_WARN_DOCUMENTATION_COMMENTS = YES;
				CLANG_WARN_EMPTY_BODY = YES;
				CLANG_WARN_ENUM_CONVERSION = YES;
				CLANG_WARN_INFINITE_RECURSION = YES;
				CLANG_WARN_INT_CONVERSION = YES;
				CLANG_WARN_NON_LITERAL_NULL_CONVERSION = YES;
				CLANG_WARN_OBJC_IMPLICIT_RETAIN_SELF = YES;
				CLANG_WARN_OBJC_LITERAL_CONVERSION = YES;
				CLANG_WARN_OBJC_ROOT_CLASS = YES_ERROR;
				CLANG_WARN_QUOTED_INCLUDE_IN_FRAMEWORK_HEADER = YES;
				CLANG_WARN_RANGE_LOOP_ANALYSIS = YES;
				CLANG_WARN_STRICT_PROTOTYPES = YES;
				CLANG_WARN_SUSPICIOUS_MOVE = YES;
				CLANG_WARN_UNGUARDED_AVAILABILITY = YES_AGGRESSIVE;
				CLANG_WARN_UNREACHABLE_CODE = YES;
				CLANG_WARN__DUPLICATE_METHOD_MATCH = YES;
				COPY_PHASE_STRIP = NO;
				DEBUG_INFORMATION_FORMAT = "dwarf-with-dsym";
				ENABLE_NS_ASSERTIONS = NO;
				ENABLE_STRICT_OBJC_MSGSEND = YES;
				ENABLE_USER_SCRIPT_SANDBOXING = YES;
				GCC_C_LANGUAGE_STANDARD = gnu17;
				GCC_NO_COMMON_BLOCKS = YES;
				GCC_WARN_64_TO_32_BIT_CONVERSION = YES;
				GCC_WARN_ABOUT_RETURN_TYPE = YES_ERROR;
				GCC_WARN_UNDECLARED_SELECTOR = YES;
				GCC_WARN_UNINITIALIZED_AUTOS = YES_AGGRESSIVE;
				GCC_WARN_UNUSED_FUNCTION = YES;
				GCC_WARN_UNUSED_VARIABLE = YES;
				LOCALIZATION_PREFERS_STRING_CATALOGS = YES;
				MTL_ENABLE_DEBUG_INFO = NO;
				MTL_FAST_MATH = YES;
				SDKROOT = xros;
				SWIFT_COMPILATION_MODE = wholemodule;
				VALIDATE_PRODUCT = YES;
				XROS_DEPLOYMENT_TARGET = 1.1;
			};
			name = Release;
		};
		184C92E62BA8028D00FB2ADD /* Debug */ = {
			isa = XCBuildConfiguration;
			buildSettings = {
				ASSETCATALOG_COMPILER_APPICON_NAME = AppIcon;
				ASSETCATALOG_COMPILER_GLOBAL_ACCENT_COLOR_NAME = AccentColor;
				CODE_SIGN_STYLE = Automatic;
				CURRENT_PROJECT_VERSION = 1;
				DEVELOPMENT_ASSET_PATHS = "\"ArtGalleryApp/Preview Content\"";
				ENABLE_PREVIEWS = YES;
				GENERATE_INFOPLIST_FILE = YES;
				INFOPLIST_FILE = "$(TARGET_NAME)/Info.plist";
				LD_RUNPATH_SEARCH_PATHS = (
					"$(inherited)",
					"@executable_path/Frameworks",
				);
				MARKETING_VERSION = 1.0;
				PRODUCT_BUNDLE_IDENTIFIER = com.ArtGalleryApp;
				PRODUCT_NAME = "$(TARGET_NAME)";
				SUPPORTED_PLATFORMS = "xros xrsimulator";
				SWIFT_EMIT_LOC_STRINGS = YES;
				SWIFT_VERSION = 5.0;
				TARGETED_DEVICE_FAMILY = "1,2,7";
			};
			name = Debug;
		};
		184C92E72BA8028D00FB2ADD /* Release */ = {
			isa = XCBuildConfiguration;
			buildSettings = {
				ASSETCATALOG_COMPILER_APPICON_NAME = AppIcon;
				ASSETCATALOG_COMPILER_GLOBAL_ACCENT_COLOR_NAME = AccentColor;
				CODE_SIGN_STYLE = Automatic;
				CURRENT_PROJECT_VERSION = 1;
				DEVELOPMENT_ASSET_PATHS = "\"ArtGalleryApp/Preview Content\"";
				ENABLE_PREVIEWS = YES;
				GENERATE_INFOPLIST_FILE = YES;
				INFOPLIST_FILE = "$(TARGET_NAME)/Info.plist";
				LD_RUNPATH_SEARCH_PATHS = (
					"$(inherited)",
					"@executable_path/Frameworks",
				);
				MARKETING_VERSION = 1.0;
				PRODUCT_BUNDLE_IDENTIFIER = com.ArtGalleryApp;
				PRODUCT_NAME = "$(TARGET_NAME)";
				SUPPORTED_PLATFORMS = "xros xrsimulator";
				SWIFT_EMIT_LOC_STRINGS = YES;
				SWIFT_VERSION = 5.0;
				TARGETED_DEVICE_FAMILY = "1,2,7";
			};
			name = Release;
		};
/* End XCBuildConfiguration section */

/* Begin XCConfigurationList section */
		184C92C92BA8028C00FB2ADD /* Build configuration list for PBXProject "ArtGalleryApp" */ = {
			isa = XCConfigurationList;
			buildConfigurations = (
				184C92E32BA8028D00FB2ADD /* Debug */,
				184C92E42BA8028D00FB2ADD /* Release */,
			);
			defaultConfigurationIsVisible = 0;
			defaultConfigurationName = Release;
		};
		184C92E52BA8028D00FB2ADD /* Build configuration list for PBXNativeTarget "ArtGalleryApp" */ = {
			isa = XCConfigurationList;
			buildConfigurations = (
				184C92E62BA8028D00FB2ADD /* Debug */,
				184C92E72BA8028D00FB2ADD /* Release */,
			);
			defaultConfigurationIsVisible = 0;
			defaultConfigurationName = Release;
		};
/* End XCConfigurationList section */

/* Begin XCSwiftPackageProductDependency section */
		184C92D32BA8028C00FB2ADD /* RealityKitContent */ = {
			isa = XCSwiftPackageProductDependency;
			productName = RealityKitContent;
		};
/* End XCSwiftPackageProductDependency section */
	};
	rootObject = 184C92C62BA8028C00FB2ADD /* Project object */;
}
